// !$*UTF8*$!
{
	archiveVersion = 1;
	classes = {
	};
	objectVersion = 50;
	objects = {

/* Begin PBXBuildFile section */
		F941E7CA22A457C0005447A9 /* AppDelegate.swift in Sources */ = {isa = PBXBuildFile; fileRef = F941E7C922A457C0005447A9 /* AppDelegate.swift */; };
		F941E7CC22A457C0005447A9 /* ViewController.swift in Sources */ = {isa = PBXBuildFile; fileRef = F941E7CB22A457C0005447A9 /* ViewController.swift */; };
		F941E7CF22A457C0005447A9 /* Main.storyboard in Resources */ = {isa = PBXBuildFile; fileRef = F941E7CD22A457C0005447A9 /* Main.storyboard */; };
		F941E7D122A457C2005447A9 /* Assets.xcassets in Resources */ = {isa = PBXBuildFile; fileRef = F941E7D022A457C2005447A9 /* Assets.xcassets */; };
		F941E7D422A457C2005447A9 /* LaunchScreen.storyboard in Resources */ = {isa = PBXBuildFile; fileRef = F941E7D222A457C2005447A9 /* LaunchScreen.storyboard */; };
		F941E7DF22A457C2005447A9 /* tableviewTests.swift in Sources */ = {isa = PBXBuildFile; fileRef = F941E7DE22A457C2005447A9 /* tableviewTests.swift */; };
		F941E7EA22A457C2005447A9 /* tableviewUITests.swift in Sources */ = {isa = PBXBuildFile; fileRef = F941E7E922A457C2005447A9 /* tableviewUITests.swift */; };
		F941E7F822A45862005447A9 /* RansuuTableViewController.swift in Sources */ = {isa = PBXBuildFile; fileRef = F941E7F722A45862005447A9 /* RansuuTableViewController.swift */; };
/* End PBXBuildFile section */

/* Begin PBXContainerItemProxy section */
		F941E7DB22A457C2005447A9 /* PBXContainerItemProxy */ = {
			isa = PBXContainerItemProxy;
			containerPortal = F941E7BE22A457C0005447A9 /* Project object */;
			proxyType = 1;
			remoteGlobalIDString = F941E7C522A457C0005447A9;
			remoteInfo = tableview;
		};
		F941E7E622A457C2005447A9 /* PBXContainerItemProxy */ = {
			isa = PBXContainerItemProxy;
			containerPortal = F941E7BE22A457C0005447A9 /* Project object */;
			proxyType = 1;
			remoteGlobalIDString = F941E7C522A457C0005447A9;
			remoteInfo = tableview;
		};
/* End PBXContainerItemProxy section */

/* Begin PBXFileReference section */
		F941E7C622A457C0005447A9 /* tableview.app */ = {isa = PBXFileReference; explicitFileType = wrapper.application; includeInIndex = 0; path = tableview.app; sourceTree = BUILT_PRODUCTS_DIR; };
		F941E7C922A457C0005447A9 /* AppDelegate.swift */ = {isa = PBXFileReference; lastKnownFileType = sourcecode.swift; path = AppDelegate.swift; sourceTree = "<group>"; };
		F941E7CB22A457C0005447A9 /* ViewController.swift */ = {isa = PBXFileReference; lastKnownFileType = sourcecode.swift; path = ViewController.swift; sourceTree = "<group>"; };
		F941E7CE22A457C0005447A9 /* Base */ = {isa = PBXFileReference; lastKnownFileType = file.storyboard; name = Base; path = Base.lproj/Main.storyboard; sourceTree = "<group>"; };
		F941E7D022A457C2005447A9 /* Assets.xcassets */ = {isa = PBXFileReference; lastKnownFileType = folder.assetcatalog; path = Assets.xcassets; sourceTree = "<group>"; };
		F941E7D322A457C2005447A9 /* Base */ = {isa = PBXFileReference; lastKnownFileType = file.storyboard; name = Base; path = Base.lproj/LaunchScreen.storyboard; sourceTree = "<group>"; };
		F941E7D522A457C2005447A9 /* Info.plist */ = {isa = PBXFileReference; lastKnownFileType = text.plist.xml; path = Info.plist; sourceTree = "<group>"; };
		F941E7DA22A457C2005447A9 /* tableviewTests.xctest */ = {isa = PBXFileReference; explicitFileType = wrapper.cfbundle; includeInIndex = 0; path = tableviewTests.xctest; sourceTree = BUILT_PRODUCTS_DIR; };
		F941E7DE22A457C2005447A9 /* tableviewTests.swift */ = {isa = PBXFileReference; lastKnownFileType = sourcecode.swift; path = tableviewTests.swift; sourceTree = "<group>"; };
		F941E7E022A457C2005447A9 /* Info.plist */ = {isa = PBXFileReference; lastKnownFileType = text.plist.xml; path = Info.plist; sourceTree = "<group>"; };
		F941E7E522A457C2005447A9 /* tableviewUITests.xctest */ = {isa = PBXFileReference; explicitFileType = wrapper.cfbundle; includeInIndex = 0; path = tableviewUITests.xctest; sourceTree = BUILT_PRODUCTS_DIR; };
		F941E7E922A457C2005447A9 /* tableviewUITests.swift */ = {isa = PBXFileReference; lastKnownFileType = sourcecode.swift; path = tableviewUITests.swift; sourceTree = "<group>"; };
		F941E7EB22A457C2005447A9 /* Info.plist */ = {isa = PBXFileReference; lastKnownFileType = text.plist.xml; path = Info.plist; sourceTree = "<group>"; };
		F941E7F722A45862005447A9 /* RansuuTableViewController.swift */ = {isa = PBXFileReference; lastKnownFileType = sourcecode.swift; path = RansuuTableViewController.swift; sourceTree = "<group>"; };
/* End PBXFileReference section */

/* Begin PBXFrameworksBuildPhase section */
		F941E7C322A457C0005447A9 /* Frameworks */ = {
			isa = PBXFrameworksBuildPhase;
			buildActionMask = 2147483647;
			files = (
			);
			runOnlyForDeploymentPostprocessing = 0;
		};
		F941E7D722A457C2005447A9 /* Frameworks */ = {
			isa = PBXFrameworksBuildPhase;
			buildActionMask = 2147483647;
			files = (
			);
			runOnlyForDeploymentPostprocessing = 0;
		};
		F941E7E222A457C2005447A9 /* Frameworks */ = {
			isa = PBXFrameworksBuildPhase;
			buildActionMask = 2147483647;
			files = (
			);
			runOnlyForDeploymentPostprocessing = 0;
		};
/* End PBXFrameworksBuildPhase section */

/* Begin PBXGroup section */
		F941E7BD22A457C0005447A9 = {
			isa = PBXGroup;
			children = (
				F941E7C822A457C0005447A9 /* tableview */,
				F941E7DD22A457C2005447A9 /* tableviewTests */,
				F941E7E822A457C2005447A9 /* tableviewUITests */,
				F941E7C722A457C0005447A9 /* Products */,
			);
			sourceTree = "<group>";
		};
		F941E7C722A457C0005447A9 /* Products */ = {
			isa = PBXGroup;
			children = (
				F941E7C622A457C0005447A9 /* tableview.app */,
				F941E7DA22A457C2005447A9 /* tableviewTests.xctest */,
				F941E7E522A457C2005447A9 /* tableviewUITests.xctest */,
			);
			name = Products;
			sourceTree = "<group>";
		};
		F941E7C822A457C0005447A9 /* tableview */ = {
			isa = PBXGroup;
			children = (
				F941E7C922A457C0005447A9 /* AppDelegate.swift */,
				F941E7CB22A457C0005447A9 /* ViewController.swift */,
				F941E7F722A45862005447A9 /* RansuuTableViewController.swift */,
				F941E7CD22A457C0005447A9 /* Main.storyboard */,
				F941E7D022A457C2005447A9 /* Assets.xcassets */,
				F941E7D222A457C2005447A9 /* LaunchScreen.storyboard */,
				F941E7D522A457C2005447A9 /* Info.plist */,
			);
			path = tableview;
			sourceTree = "<group>";
		};
		F941E7DD22A457C2005447A9 /* tableviewTests */ = {
			isa = PBXGroup;
			children = (
				F941E7DE22A457C2005447A9 /* tableviewTests.swift */,
				F941E7E022A457C2005447A9 /* Info.plist */,
			);
			path = tableviewTests;
			sourceTree = "<group>";
		};
		F941E7E822A457C2005447A9 /* tableviewUITests */ = {
			isa = PBXGroup;
			children = (
				F941E7E922A457C2005447A9 /* tableviewUITests.swift */,
				F941E7EB22A457C2005447A9 /* Info.plist */,
			);
			path = tableviewUITests;
			sourceTree = "<group>";
		};
/* End PBXGroup section */

/* Begin PBXNativeTarget section */
		F941E7C522A457C0005447A9 /* tableview */ = {
			isa = PBXNativeTarget;
			buildConfigurationList = F941E7EE22A457C2005447A9 /* Build configuration list for PBXNativeTarget "tableview" */;
			buildPhases = (
				F941E7C222A457C0005447A9 /* Sources */,
				F941E7C322A457C0005447A9 /* Frameworks */,
				F941E7C422A457C0005447A9 /* Resources */,
			);
			buildRules = (
			);
			dependencies = (
			);
			name = tableview;
			productName = tableview;
			productReference = F941E7C622A457C0005447A9 /* tableview.app */;
			productType = "com.apple.product-type.application";
		};
		F941E7D922A457C2005447A9 /* tableviewTests */ = {
			isa = PBXNativeTarget;
			buildConfigurationList = F941E7F122A457C2005447A9 /* Build configuration list for PBXNativeTarget "tableviewTests" */;
			buildPhases = (
				F941E7D622A457C2005447A9 /* Sources */,
				F941E7D722A457C2005447A9 /* Frameworks */,
				F941E7D822A457C2005447A9 /* Resources */,
			);
			buildRules = (
			);
			dependencies = (
				F941E7DC22A457C2005447A9 /* PBXTargetDependency */,
			);
			name = tableviewTests;
			productName = tableviewTests;
			productReference = F941E7DA22A457C2005447A9 /* tableviewTests.xctest */;
			productType = "com.apple.product-type.bundle.unit-test";
		};
		F941E7E422A457C2005447A9 /* tableviewUITests */ = {
			isa = PBXNativeTarget;
			buildConfigurationList = F941E7F422A457C2005447A9 /* Build configuration list for PBXNativeTarget "tableviewUITests" */;
			buildPhases = (
				F941E7E122A457C2005447A9 /* Sources */,
				F941E7E222A457C2005447A9 /* Frameworks */,
				F941E7E322A457C2005447A9 /* Resources */,
			);
			buildRules = (
			);
			dependencies = (
				F941E7E722A457C2005447A9 /* PBXTargetDependency */,
			);
			name = tableviewUITests;
			productName = tableviewUITests;
			productReference = F941E7E522A457C2005447A9 /* tableviewUITests.xctest */;
			productType = "com.apple.product-type.bundle.ui-testing";
		};
/* End PBXNativeTarget section */

/* Begin PBXProject section */
		F941E7BE22A457C0005447A9 /* Project object */ = {
			isa = PBXProject;
			attributes = {
				LastSwiftUpdateCheck = 1020;
				LastUpgradeCheck = 1020;
				ORGANIZATIONNAME = litech;
				TargetAttributes = {
					F941E7C522A457C0005447A9 = {
						CreatedOnToolsVersion = 10.2.1;
					};
					F941E7D922A457C2005447A9 = {
						CreatedOnToolsVersion = 10.2.1;
						TestTargetID = F941E7C522A457C0005447A9;
					};
					F941E7E422A457C2005447A9 = {
						CreatedOnToolsVersion = 10.2.1;
						TestTargetID = F941E7C522A457C0005447A9;
					};
				};
			};
			buildConfigurationList = F941E7C122A457C0005447A9 /* Build configuration list for PBXProject "tableview" */;
			compatibilityVersion = "Xcode 9.3";
			developmentRegion = en;
			hasScannedForEncodings = 0;
			knownRegions = (
				en,
				Base,
			);
			mainGroup = F941E7BD22A457C0005447A9;
			productRefGroup = F941E7C722A457C0005447A9 /* Products */;
			projectDirPath = "";
			projectRoot = "";
			targets = (
				F941E7C522A457C0005447A9 /* tableview */,
				F941E7D922A457C2005447A9 /* tableviewTests */,
				F941E7E422A457C2005447A9 /* tableviewUITests */,
			);
		};
/* End PBXProject section */

/* Begin PBXResourcesBuildPhase section */
		F941E7C422A457C0005447A9 /* Resources */ = {
			isa = PBXResourcesBuildPhase;
			buildActionMask = 2147483647;
			files = (
				F941E7D422A457C2005447A9 /* LaunchScreen.storyboard in Resources */,
				F941E7D122A457C2005447A9 /* Assets.xcassets in Resources */,
				F941E7CF22A457C0005447A9 /* Main.storyboard in Resources */,
			);
			runOnlyForDeploymentPostprocessing = 0;
		};
		F941E7D822A457C2005447A9 /* Resources */ = {
			isa = PBXResourcesBuildPhase;
			buildActionMask = 2147483647;
			files = (
			);
			runOnlyForDeploymentPostprocessing = 0;
		};
		F941E7E322A457C2005447A9 /* Resources */ = {
			isa = PBXResourcesBuildPhase;
			buildActionMask = 2147483647;
			files = (
			);
			runOnlyForDeploymentPostprocessing = 0;
		};
/* End PBXResourcesBuildPhase section */

/* Begin PBXSourcesBuildPhase section */
		F941E7C222A457C0005447A9 /* Sources */ = {
			isa = PBXSourcesBuildPhase;
			buildActionMask = 2147483647;
			files = (
				F941E7CC22A457C0005447A9 /* ViewController.swift in Sources */,
				F941E7F822A45862005447A9 /* RansuuTableViewController.swift in Sources */,
				F941E7CA22A457C0005447A9 /* AppDelegate.swift in Sources */,
			);
			runOnlyForDeploymentPostprocessing = 0;
		};
		F941E7D622A457C2005447A9 /* Sources */ = {
			isa = PBXSourcesBuildPhase;
			buildActionMask = 2147483647;
			files = (
				F941E7DF22A457C2005447A9 /* tableviewTests.swift in Sources */,
			);
			runOnlyForDeploymentPostprocessing = 0;
		};
		F941E7E122A457C2005447A9 /* Sources */ = {
			isa = PBXSourcesBuildPhase;
			buildActionMask = 2147483647;
			files = (
				F941E7EA22A457C2005447A9 /* tableviewUITests.swift in Sources */,
			);
			runOnlyForDeploymentPostprocessing = 0;
		};
/* End PBXSourcesBuildPhase section */

/* Begin PBXTargetDependency section */
		F941E7DC22A457C2005447A9 /* PBXTargetDependency */ = {
			isa = PBXTargetDependency;
			target = F941E7C522A457C0005447A9 /* tableview */;
			targetProxy = F941E7DB22A457C2005447A9 /* PBXContainerItemProxy */;
		};
		F941E7E722A457C2005447A9 /* PBXTargetDependency */ = {
			isa = PBXTargetDependency;
			target = F941E7C522A457C0005447A9 /* tableview */;
			targetProxy = F941E7E622A457C2005447A9 /* PBXContainerItemProxy */;
		};
/* End PBXTargetDependency section */

/* Begin PBXVariantGroup section */
		F941E7CD22A457C0005447A9 /* Main.storyboard */ = {
			isa = PBXVariantGroup;
			children = (
				F941E7CE22A457C0005447A9 /* Base */,
			);
			name = Main.storyboard;
			sourceTree = "<group>";
		};
		F941E7D222A457C2005447A9 /* LaunchScreen.storyboard */ = {
			isa = PBXVariantGroup;
			children = (
				F941E7D322A457C2005447A9 /* Base */,
			);
			name = LaunchScreen.storyboard;
			sourceTree = "<group>";
		};
/* End PBXVariantGroup section */

/* Begin XCBuildConfiguration section */
		F941E7EC22A457C2005447A9 /* Debug */ = {
			isa = XCBuildConfiguration;
			buildSettings = {
				ALWAYS_SEARCH_USER_PATHS = NO;
				CLANG_ANALYZER_NONNULL = YES;
				CLANG_ANALYZER_NUMBER_OBJECT_CONVERSION = YES_AGGRESSIVE;
				CLANG_CXX_LANGUAGE_STANDARD = "gnu++14";
				CLANG_CXX_LIBRARY = "libc++";
				CLANG_ENABLE_MODULES = YES;
				CLANG_ENABLE_OBJC_ARC = YES;
				CLANG_ENABLE_OBJC_WEAK = YES;
				CLANG_WARN_BLOCK_CAPTURE_AUTORELEASING = YES;
				CLANG_WARN_BOOL_CONVERSION = YES;
				CLANG_WARN_COMMA = YES;
				CLANG_WARN_CONSTANT_CONVERSION = YES;
				CLANG_WARN_DEPRECATED_OBJC_IMPLEMENTATIONS = YES;
				CLANG_WARN_DIRECT_OBJC_ISA_USAGE = YES_ERROR;
				CLANG_WARN_DOCUMENTATION_COMMENTS = YES;
				CLANG_WARN_EMPTY_BODY = YES;
				CLANG_WARN_ENUM_CONVERSION = YES;
				CLANG_WARN_INFINITE_RECURSION = YES;
				CLANG_WARN_INT_CONVERSION = YES;
				CLANG_WARN_NON_LITERAL_NULL_CONVERSION = YES;
				CLANG_WARN_OBJC_IMPLICIT_RETAIN_SELF = YES;
				CLANG_WARN_OBJC_LITERAL_CONVERSION = YES;
				CLANG_WARN_OBJC_ROOT_CLASS = YES_ERROR;
				CLANG_WARN_RANGE_LOOP_ANALYSIS = YES;
				CLANG_WARN_STRICT_PROTOTYPES = YES;
				CLANG_WARN_SUSPICIOUS_MOVE = YES;
				CLANG_WARN_UNGUARDED_AVAILABILITY = YES_AGGRESSIVE;
				CLANG_WARN_UNREACHABLE_CODE = YES;
				CLANG_WARN__DUPLICATE_METHOD_MATCH = YES;
				CODE_SIGN_IDENTITY = "iPhone Developer";
				COPY_PHASE_STRIP = NO;
				DEBUG_INFORMATION_FORMAT = dwarf;
				ENABLE_STRICT_OBJC_MSGSEND = YES;
				ENABLE_TESTABILITY = YES;
				GCC_C_LANGUAGE_STANDARD = gnu11;
				GCC_DYNAMIC_NO_PIC = NO;
				GCC_NO_COMMON_BLOCKS = YES;
				GCC_OPTIMIZATION_LEVEL = 0;
				GCC_PREPROCESSOR_DEFINITIONS = (
					"DEBUG=1",
					"$(inherited)",
				);
				GCC_WARN_64_TO_32_BIT_CONVERSION = YES;
				GCC_WARN_ABOUT_RETURN_TYPE = YES_ERROR;
				GCC_WARN_UNDECLARED_SELECTOR = YES;
				GCC_WARN_UNINITIALIZED_AUTOS = YES_AGGRESSIVE;
				GCC_WARN_UNUSED_FUNCTION = YES;
				GCC_WARN_UNUSED_VARIABLE = YES;
				IPHONEOS_DEPLOYMENT_TARGET = 12.2;
				MTL_ENABLE_DEBUG_INFO = INCLUDE_SOURCE;
				MTL_FAST_MATH = YES;
				ONLY_ACTIVE_ARCH = YES;
				SDKROOT = iphoneos;
				SWIFT_ACTIVE_COMPILATION_CONDITIONS = DEBUG;
				SWIFT_OPTIMIZATION_LEVEL = "-Onone";
			};
			name = Debug;
		};
		F941E7ED22A457C2005447A9 /* Release */ = {
			isa = XCBuildConfiguration;
			buildSettings = {
				ALWAYS_SEARCH_USER_PATHS = NO;
				CLANG_ANALYZER_NONNULL = YES;
				CLANG_ANALYZER_NUMBER_OBJECT_CONVERSION = YES_AGGRESSIVE;
				CLANG_CXX_LANGUAGE_STANDARD = "gnu++14";
				CLANG_CXX_LIBRARY = "libc++";
				CLANG_ENABLE_MODULES = YES;
				CLANG_ENABLE_OBJC_ARC = YES;
				CLANG_ENABLE_OBJC_WEAK = YES;
				CLANG_WARN_BLOCK_CAPTURE_AUTORELEASING = YES;
				CLANG_WARN_BOOL_CONVERSION = YES;
				CLANG_WARN_COMMA = YES;
				CLANG_WARN_CONSTANT_CONVERSION = YES;
				CLANG_WARN_DEPRECATED_OBJC_IMPLEMENTATIONS = YES;
				CLANG_WARN_DIRECT_OBJC_ISA_USAGE = YES_ERROR;
				CLANG_WARN_DOCUMENTATION_COMMENTS = YES;
				CLANG_WARN_EMPTY_BODY = YES;
				CLANG_WARN_ENUM_CONVERSION = YES;
				CLANG_WARN_INFINITE_RECURSION = YES;
				CLANG_WARN_INT_CONVERSION = YES;
				CLANG_WARN_NON_LITERAL_NULL_CONVERSION = YES;
				CLANG_WARN_OBJC_IMPLICIT_RETAIN_SELF = YES;
				CLANG_WARN_OBJC_LITERAL_CONVERSION = YES;
				CLANG_WARN_OBJC_ROOT_CLASS = YES_ERROR;
				CLANG_WARN_RANGE_LOOP_ANALYSIS = YES;
				CLANG_WARN_STRICT_PROTOTYPES = YES;
				CLANG_WARN_SUSPICIOUS_MOVE = YES;
				CLANG_WARN_UNGUARDED_AVAILABILITY = YES_AGGRESSIVE;
				CLANG_WARN_UNREACHABLE_CODE = YES;
				CLANG_WARN__DUPLICATE_METHOD_MATCH = YES;
				CODE_SIGN_IDENTITY = "iPhone Developer";
				COPY_PHASE_STRIP = NO;
				DEBUG_INFORMATION_FORMAT = "dwarf-with-dsym";
				ENABLE_NS_ASSERTIONS = NO;
				ENABLE_STRICT_OBJC_MSGSEND = YES;
				GCC_C_LANGUAGE_STANDARD = gnu11;
				GCC_NO_COMMON_BLOCKS = YES;
				GCC_WARN_64_TO_32_BIT_CONVERSION = YES;
				GCC_WARN_ABOUT_RETURN_TYPE = YES_ERROR;
				GCC_WARN_UNDECLARED_SELECTOR = YES;
				GCC_WARN_UNINITIALIZED_AUTOS = YES_AGGRESSIVE;
				GCC_WARN_UNUSED_FUNCTION = YES;
				GCC_WARN_UNUSED_VARIABLE = YES;
				IPHONEOS_DEPLOYMENT_TARGET = 12.2;
				MTL_ENABLE_DEBUG_INFO = NO;
				MTL_FAST_MATH = YES;
				SDKROOT = iphoneos;
				SWIFT_COMPILATION_MODE = wholemodule;
				SWIFT_OPTIMIZATION_LEVEL = "-O";
				VALIDATE_PRODUCT = YES;
			};
			name = Release;
		};
		F941E7EF22A457C2005447A9 /* Debug */ = {
			isa = XCBuildConfiguration;
			buildSettings = {
				ASSETCATALOG_COMPILER_APPICON_NAME = AppIcon;
				CODE_SIGN_STYLE = Automatic;
				DEVELOPMENT_TEAM = 9PRS99ML5M;
				INFOPLIST_FILE = tableview/Info.plist;
				LD_RUNPATH_SEARCH_PATHS = (
					"$(inherited)",
					"@executable_path/Frameworks",
				);
				PRODUCT_BUNDLE_IDENTIFIER = com.litech.tableview;
				PRODUCT_NAME = "$(TARGET_NAME)";
				SWIFT_VERSION = 5.0;
				TARGETED_DEVICE_FAMILY = "1,2";
			};
			name = Debug;
		};
		F941E7F022A457C2005447A9 /* Release */ = {
			isa = XCBuildConfiguration;
			buildSettings = {
				ASSETCATALOG_COMPILER_APPICON_NAME = AppIcon;
				CODE_SIGN_STYLE = Automatic;
				DEVELOPMENT_TEAM = 9PRS99ML5M;
				INFOPLIST_FILE = tableview/Info.plist;
				LD_RUNPATH_SEARCH_PATHS = (
					"$(inherited)",
					"@executable_path/Frameworks",
				);
				PRODUCT_BUNDLE_IDENTIFIER = com.litech.tableview;
				PRODUCT_NAME = "$(TARGET_NAME)";
				SWIFT_VERSION = 5.0;
				TARGETED_DEVICE_FAMILY = "1,2";
			};
			name = Release;
		};
		F941E7F222A457C2005447A9 /* Debug */ = {
			isa = XCBuildConfiguration;
			buildSettings = {
				ALWAYS_EMBED_SWIFT_STANDARD_LIBRARIES = YES;
				BUNDLE_LOADER = "$(TEST_HOST)";
				CODE_SIGN_STYLE = Automatic;
				DEVELOPMENT_TEAM = 9PRS99ML5M;
				INFOPLIST_FILE = tableviewTests/Info.plist;
				LD_RUNPATH_SEARCH_PATHS = (
					"$(inherited)",
					"@executable_path/Frameworks",
					"@loader_path/Frameworks",
				);
				PRODUCT_BUNDLE_IDENTIFIER = com.litech.tableviewTests;
				PRODUCT_NAME = "$(TARGET_NAME)";
				SWIFT_VERSION = 5.0;
				TARGETED_DEVICE_FAMILY = "1,2";
				TEST_HOST = "$(BUILT_PRODUCTS_DIR)/tableview.app/tableview";
			};
			name = Debug;
		};
		F941E7F322A457C2005447A9 /* Release */ = {
			isa = XCBuildConfiguration;
			buildSettings = {
				ALWAYS_EMBED_SWIFT_STANDARD_LIBRARIES = YES;
				BUNDLE_LOADER = "$(TEST_HOST)";
				CODE_SIGN_STYLE = Automatic;
				DEVELOPMENT_TEAM = 9PRS99ML5M;
				INFOPLIST_FILE = tableviewTests/Info.plist;
				LD_RUNPATH_SEARCH_PATHS = (
					"$(inherited)",
					"@executable_path/Frameworks",
					"@loader_path/Frameworks",
				);
				PRODUCT_BUNDLE_IDENTIFIER = com.litech.tableviewTests;
				PRODUCT_NAME = "$(TARGET_NAME)";
				SWIFT_VERSION = 5.0;
				TARGETED_DEVICE_FAMILY = "1,2";
				TEST_HOST = "$(BUILT_PRODUCTS_DIR)/tableview.app/tableview";
			};
			name = Release;
		};
		F941E7F522A457C2005447A9 /* Debug */ = {
			isa = XCBuildConfiguration;
			buildSettings = {
				ALWAYS_EMBED_SWIFT_STANDARD_LIBRARIES = YES;
				CODE_SIGN_STYLE = Automatic;
				DEVELOPMENT_TEAM = 9PRS99ML5M;
				INFOPLIST_FILE = tableviewUITests/Info.plist;
				LD_RUNPATH_SEARCH_PATHS = (
					"$(inherited)",
					"@executable_path/Frameworks",
					"@loader_path/Frameworks",
				);
				PRODUCT_BUNDLE_IDENTIFIER = com.litech.tableviewUITests;
				PRODUCT_NAME = "$(TARGET_NAME)";
				SWIFT_VERSION = 5.0;
				TARGETED_DEVICE_FAMILY = "1,2";
				TEST_TARGET_NAME = tableview;
			};
			name = Debug;
		};
		F941E7F622A457C2005447A9 /* Release */ = {
			isa = XCBuildConfiguration;
			buildSettings = {
				ALWAYS_EMBED_SWIFT_STANDARD_LIBRARIES = YES;
				CODE_SIGN_STYLE = Automatic;
				DEVELOPMENT_TEAM = 9PRS99ML5M;
				INFOPLIST_FILE = tableviewUITests/Info.plist;
				LD_RUNPATH_SEARCH_PATHS = (
					"$(inherited)",
					"@executable_path/Frameworks",
					"@loader_path/Frameworks",
				);
				PRODUCT_BUNDLE_IDENTIFIER = com.litech.tableviewUITests;
				PRODUCT_NAME = "$(TARGET_NAME)";
				SWIFT_VERSION = 5.0;
				TARGETED_DEVICE_FAMILY = "1,2";
				TEST_TARGET_NAME = tableview;
			};
			name = Release;
		};
/* End XCBuildConfiguration section */

/* Begin XCConfigurationList section */
		F941E7C122A457C0005447A9 /* Build configuration list for PBXProject "tableview" */ = {
			isa = XCConfigurationList;
			buildConfigurations = (
				F941E7EC22A457C2005447A9 /* Debug */,
				F941E7ED22A457C2005447A9 /* Release */,
			);
			defaultConfigurationIsVisible = 0;
			defaultConfigurationName = Release;
		};
		F941E7EE22A457C2005447A9 /* Build configuration list for PBXNativeTarget "tableview" */ = {
			isa = XCConfigurationList;
			buildConfigurations = (
				F941E7EF22A457C2005447A9 /* Debug */,
				F941E7F022A457C2005447A9 /* Release */,
			);
			defaultConfigurationIsVisible = 0;
			defaultConfigurationName = Release;
		};
		F941E7F122A457C2005447A9 /* Build configuration list for PBXNativeTarget "tableviewTests" */ = {
			isa = XCConfigurationList;
			buildConfigurations = (
				F941E7F222A457C2005447A9 /* Debug */,
				F941E7F322A457C2005447A9 /* Release */,
			);
			defaultConfigurationIsVisible = 0;
			defaultConfigurationName = Release;
		};
		F941E7F422A457C2005447A9 /* Build configuration list for PBXNativeTarget "tableviewUITests" */ = {
			isa = XCConfigurationList;
			buildConfigurations = (
				F941E7F522A457C2005447A9 /* Debug */,
				F941E7F622A457C2005447A9 /* Release */,
			);
			defaultConfigurationIsVisible = 0;
			defaultConfigurationName = Release;
		};
/* End XCConfigurationList section */
	};
	rootObject = F941E7BE22A457C0005447A9 /* Project object */;
}
